
Microsoft Visual Studio Solution File, Format Version 12.00
# Visual Studio Version 16
VisualStudioVersion = 16.0.29519.87
MinimumVisualStudioVersion = 10.0.40219.1
Project("{FAE04EC0-301F-11D3-BF4B-00C04F79EFBC}") = "MVCTestCompany", "MVCTestCompany.csproj", "{FAB46D59-71A6-492E-B8D3-ED8824D1D069}"
EndProject
Global
	GlobalSection(SolutionConfigurationPlatforms) = preSolution
		Debug|Any CPU = Debug|Any CPU
		Release|Any CPU = Release|Any CPU
	EndGlobalSection
	GlobalSection(ProjectConfigurationPlatforms) = postSolution
		{FAB46D59-71A6-492E-B8D3-ED8824D1D069}.Debug|Any CPU.ActiveCfg = Debug|Any CPU
		{FAB46D59-71A6-492E-B8D3-ED8824D1D069}.Debug|Any CPU.Build.0 = Debug|Any CPU
		{FAB46D59-71A6-492E-B8D3-ED8824D1D069}.Release|Any CPU.ActiveCfg = Release|Any CPU
		{FAB46D59-71A6-492E-B8D3-ED8824D1D069}.Release|Any CPU.Build.0 = Release|Any CPU
	EndGlobalSection
	GlobalSection(SolutionProperties) = preSolution
		HideSolutionNode = FALSE
	EndGlobalSection
	GlobalSection(ExtensibilityGlobals) = postSolution
		SolutionGuid = {7A219C8D-4FD9-4FF7-A9E7-FB1E86CD9C0F}
	EndGlobalSection
EndGlobal
